
Microsoft Visual Studio Solution File, Format Version 12.00
# Visual Studio Version 17
VisualStudioVersion = 17.0.31903.59
MinimumVisualStudioVersion = 10.0.40219.1
Project("{9A19103F-16F7-4668-BE54-9A1E7A4F7556}") = "LogAnalytics.Client", "LogAnalytics.Client\LogAnalytics.Client.csproj", "{13006068-6DAB-453A-AED9-BBF940C03986}"
EndProject
Project("{9A19103F-16F7-4668-BE54-9A1E7A4F7556}") = "LogAnalytics.Client.IntegrationTests", "LogAnalytics.Client.IntegrationTests\LogAnalytics.Client.IntegrationTests.csproj", "{C8AD4E17-F070-4568-B18F-6A3E3B1A9A90}"
EndProject
Project("{9A19103F-16F7-4668-BE54-9A1E7A4F7556}") = "LogAnalytics.Client.UnitTests", "LogAnalytics.Client.UnitTests\LogAnalytics.Client.UnitTests.csproj", "{52574F64-0443-4031-8CC4-FDACD91C6547}"
EndProject
Global
	GlobalSection(SolutionConfigurationPlatforms) = preSolution
		Debug|Any CPU = Debug|Any CPU
		Release|Any CPU = Release|Any CPU
	EndGlobalSection
	GlobalSection(ProjectConfigurationPlatforms) = postSolution
		{13006068-6DAB-453A-AED9-BBF940C03986}.Debug|Any CPU.ActiveCfg = Debug|Any CPU
		{13006068-6DAB-453A-AED9-BBF940C03986}.Debug|Any CPU.Build.0 = Debug|Any CPU
		{13006068-6DAB-453A-AED9-BBF940C03986}.Release|Any CPU.ActiveCfg = Release|Any CPU
		{13006068-6DAB-453A-AED9-BBF940C03986}.Release|Any CPU.Build.0 = Release|Any CPU
		{C8AD4E17-F070-4568-B18F-6A3E3B1A9A90}.Debug|Any CPU.ActiveCfg = Debug|Any CPU
		{C8AD4E17-F070-4568-B18F-6A3E3B1A9A90}.Debug|Any CPU.Build.0 = Debug|Any CPU
		{C8AD4E17-F070-4568-B18F-6A3E3B1A9A90}.Release|Any CPU.ActiveCfg = Release|Any CPU
		{C8AD4E17-F070-4568-B18F-6A3E3B1A9A90}.Release|Any CPU.Build.0 = Release|Any CPU
		{52574F64-0443-4031-8CC4-FDACD91C6547}.Debug|Any CPU.ActiveCfg = Debug|Any CPU
		{52574F64-0443-4031-8CC4-FDACD91C6547}.Debug|Any CPU.Build.0 = Debug|Any CPU
		{52574F64-0443-4031-8CC4-FDACD91C6547}.Release|Any CPU.ActiveCfg = Release|Any CPU
		{52574F64-0443-4031-8CC4-FDACD91C6547}.Release|Any CPU.Build.0 = Release|Any CPU
	EndGlobalSection
	GlobalSection(SolutionProperties) = preSolution
		HideSolutionNode = FALSE
	EndGlobalSection
	GlobalSection(ExtensibilityGlobals) = postSolution
		SolutionGuid = {35732DF6-6CC4-4D57-9BAF-A3756BE57079}
	EndGlobalSection
EndGlobal
